
Microsoft Visual Studio Solution File, Format Version 12.00
# Visual Studio Version 17
VisualStudioVersion = 17.8.34511.84
MinimumVisualStudioVersion = 10.0.40219.1
Project("{FAE04EC0-301F-11D3-BF4B-00C04F79EFBC}") = "Workaround", "..\Workaround\Workaround.csproj", "{86C09B3B-4C7A-43B0-8B65-694662D94B38}"
EndProject
Project("{FAE04EC0-301F-11D3-BF4B-00C04F79EFBC}") = "Entities", "..\Entities\Entities.csproj", "{CB1F4BCD-6D34-4454-B978-56531A124335}"
EndProject
Project("{FAE04EC0-301F-11D3-BF4B-00C04F79EFBC}") = "Business", "..\Business\Business.csproj", "{6E9A1C71-C8DE-4A02-813F-657DCD07A07A}"
EndProject
Global
	GlobalSection(SolutionConfigurationPlatforms) = preSolution
		Debug|Any CPU = Debug|Any CPU
		Release|Any CPU = Release|Any CPU
	EndGlobalSection
	GlobalSection(ProjectConfigurationPlatforms) = postSolution
		{86C09B3B-4C7A-43B0-8B65-694662D94B38}.Debug|Any CPU.ActiveCfg = Debug|Any CPU
		{86C09B3B-4C7A-43B0-8B65-694662D94B38}.Debug|Any CPU.Build.0 = Debug|Any CPU
		{86C09B3B-4C7A-43B0-8B65-694662D94B38}.Release|Any CPU.ActiveCfg = Release|Any CPU
		{86C09B3B-4C7A-43B0-8B65-694662D94B38}.Release|Any CPU.Build.0 = Release|Any CPU
		{CB1F4BCD-6D34-4454-B978-56531A124335}.Debug|Any CPU.ActiveCfg = Debug|Any CPU
		{CB1F4BCD-6D34-4454-B978-56531A124335}.Debug|Any CPU.Build.0 = Debug|Any CPU
		{CB1F4BCD-6D34-4454-B978-56531A124335}.Release|Any CPU.ActiveCfg = Release|Any CPU
		{CB1F4BCD-6D34-4454-B978-56531A124335}.Release|Any CPU.Build.0 = Release|Any CPU
		{6E9A1C71-C8DE-4A02-813F-657DCD07A07A}.Debug|Any CPU.ActiveCfg = Debug|Any CPU
		{6E9A1C71-C8DE-4A02-813F-657DCD07A07A}.Debug|Any CPU.Build.0 = Debug|Any CPU
		{6E9A1C71-C8DE-4A02-813F-657DCD07A07A}.Release|Any CPU.ActiveCfg = Release|Any CPU
		{6E9A1C71-C8DE-4A02-813F-657DCD07A07A}.Release|Any CPU.Build.0 = Release|Any CPU
	EndGlobalSection
	GlobalSection(SolutionProperties) = preSolution
		HideSolutionNode = FALSE
	EndGlobalSection
	GlobalSection(ExtensibilityGlobals) = postSolution
		SolutionGuid = {B6B5A70C-821C-4920-B2E3-DCD7B1584F6A}
	EndGlobalSection
EndGlobal
